
Microsoft Visual Studio Solution File, Format Version 12.00
# Visual Studio Version 17
VisualStudioVersion = 17.2.32630.192
MinimumVisualStudioVersion = 10.0.40219.1
Project("{9A19103F-16F7-4668-BE54-9A1E7A4F7556}") = "CitadellesDotIO.Tests", "CitadellesDotIO.Tests\CitadellesDotIO.Tests.csproj", "{21190B94-F299-49D6-912A-2513D7E258CC}"
EndProject
Project("{9A19103F-16F7-4668-BE54-9A1E7A4F7556}") = "CitadellesDotIO.Model", "CitadellesDotIO.Model\CitadellesDotIO.Model.csproj", "{3AC0D03F-AE02-4112-AB88-3C6E30F23E8E}"
EndProject
Project("{9A19103F-16F7-4668-BE54-9A1E7A4F7556}") = "CitadellesDotIO.Controllers", "CitadellesDotIO.Controllers\CitadellesDotIO.Controllers.csproj", "{A69B0F2B-306D-4392-B553-76CA46A7F4EB}"
EndProject
Project("{9A19103F-16F7-4668-BE54-9A1E7A4F7556}") = "CitadellesDotIO.Config", "CitadellesDotIO.Config\CitadellesDotIO.Config.csproj", "{C4D1588A-EB9B-45D5-BD5C-DC9D0A48B70D}"
EndProject
Project("{9A19103F-16F7-4668-BE54-9A1E7A4F7556}") = "CitadellesDotIO.View", "CitadellesDotIO.View\CitadellesDotIO.View.csproj", "{1C43A6D6-5482-4F7F-A4A0-414634226EFC}"
EndProject
Project("{9A19103F-16F7-4668-BE54-9A1E7A4F7556}") = "CitadellesDotIO.Enums", "CitadellesDotIO.Enums\CitadellesDotIO.Enums.csproj", "{71BFF99E-B0C9-49EC-B7CB-1102042D6E5F}"
EndProject
Project("{9A19103F-16F7-4668-BE54-9A1E7A4F7556}") = "CitadellesDotIO.Exceptions", "CitadellesDotIO.Exceptions\CitadellesDotIO.Exceptions.csproj", "{312859BD-635B-4A23-A1B7-456B9BE696E1}"
EndProject
Project("{9A19103F-16F7-4668-BE54-9A1E7A4F7556}") = "CitadellesDotIO.Extensions", "CitadellesDotIO.Extensions\CitadellesDotIO.Extensions.csproj", "{E66BB1CE-5210-4D26-BBB3-1288E740FA4F}"
EndProject
Project("{9A19103F-16F7-4668-BE54-9A1E7A4F7556}") = "CitadellesDotIO.Console", "CitadellesDotIO.Console\CitadellesDotIO.Console.csproj", "{3780EC8B-884E-4977-BE2A-1D8F90678D5B}"
EndProject
Project("{9A19103F-16F7-4668-BE54-9A1E7A4F7556}") = "CitadellesDotIO.WebServer", "CitadellesDotIO.WebServer\CitadellesDotIO.WebServer.csproj", "{DDFA24D6-9CA5-44C3-A93F-B6C9B715CF71}"
EndProject
Project("{FAE04EC0-301F-11D3-BF4B-00C04F79EFBC}") = "CitadellesDotIO.Factories", "CitadellesDotIO.Factories\CitadellesDotIO.Factories.csproj", "{745D6886-828F-447A-BEC1-32D84556F8B9}"
EndProject
Global
	GlobalSection(SolutionConfigurationPlatforms) = preSolution
		Debug|Any CPU = Debug|Any CPU
		Release|Any CPU = Release|Any CPU
	EndGlobalSection
	GlobalSection(ProjectConfigurationPlatforms) = postSolution
		{21190B94-F299-49D6-912A-2513D7E258CC}.Debug|Any CPU.ActiveCfg = Debug|Any CPU
		{21190B94-F299-49D6-912A-2513D7E258CC}.Debug|Any CPU.Build.0 = Debug|Any CPU
		{21190B94-F299-49D6-912A-2513D7E258CC}.Release|Any CPU.ActiveCfg = Release|Any CPU
		{21190B94-F299-49D6-912A-2513D7E258CC}.Release|Any CPU.Build.0 = Release|Any CPU
		{3AC0D03F-AE02-4112-AB88-3C6E30F23E8E}.Debug|Any CPU.ActiveCfg = Debug|Any CPU
		{3AC0D03F-AE02-4112-AB88-3C6E30F23E8E}.Debug|Any CPU.Build.0 = Debug|Any CPU
		{3AC0D03F-AE02-4112-AB88-3C6E30F23E8E}.Release|Any CPU.ActiveCfg = Release|Any CPU
		{3AC0D03F-AE02-4112-AB88-3C6E30F23E8E}.Release|Any CPU.Build.0 = Release|Any CPU
		{A69B0F2B-306D-4392-B553-76CA46A7F4EB}.Debug|Any CPU.ActiveCfg = Debug|Any CPU
		{A69B0F2B-306D-4392-B553-76CA46A7F4EB}.Debug|Any CPU.Build.0 = Debug|Any CPU
		{A69B0F2B-306D-4392-B553-76CA46A7F4EB}.Release|Any CPU.ActiveCfg = Release|Any CPU
		{A69B0F2B-306D-4392-B553-76CA46A7F4EB}.Release|Any CPU.Build.0 = Release|Any CPU
		{C4D1588A-EB9B-45D5-BD5C-DC9D0A48B70D}.Debug|Any CPU.ActiveCfg = Debug|Any CPU
		{C4D1588A-EB9B-45D5-BD5C-DC9D0A48B70D}.Debug|Any CPU.Build.0 = Debug|Any CPU
		{C4D1588A-EB9B-45D5-BD5C-DC9D0A48B70D}.Release|Any CPU.ActiveCfg = Release|Any CPU
		{C4D1588A-EB9B-45D5-BD5C-DC9D0A48B70D}.Release|Any CPU.Build.0 = Release|Any CPU
		{1C43A6D6-5482-4F7F-A4A0-414634226EFC}.Debug|Any CPU.ActiveCfg = Debug|Any CPU
		{1C43A6D6-5482-4F7F-A4A0-414634226EFC}.Debug|Any CPU.Build.0 = Debug|Any CPU
		{1C43A6D6-5482-4F7F-A4A0-414634226EFC}.Release|Any CPU.ActiveCfg = Release|Any CPU
		{1C43A6D6-5482-4F7F-A4A0-414634226EFC}.Release|Any CPU.Build.0 = Release|Any CPU
		{71BFF99E-B0C9-49EC-B7CB-1102042D6E5F}.Debug|Any CPU.ActiveCfg = Debug|Any CPU
		{71BFF99E-B0C9-49EC-B7CB-1102042D6E5F}.Debug|Any CPU.Build.0 = Debug|Any CPU
		{71BFF99E-B0C9-49EC-B7CB-1102042D6E5F}.Release|Any CPU.ActiveCfg = Release|Any CPU
		{71BFF99E-B0C9-49EC-B7CB-1102042D6E5F}.Release|Any CPU.Build.0 = Release|Any CPU
		{312859BD-635B-4A23-A1B7-456B9BE696E1}.Debug|Any CPU.ActiveCfg = Debug|Any CPU
		{312859BD-635B-4A23-A1B7-456B9BE696E1}.Debug|Any CPU.Build.0 = Debug|Any CPU
		{312859BD-635B-4A23-A1B7-456B9BE696E1}.Release|Any CPU.ActiveCfg = Release|Any CPU
		{312859BD-635B-4A23-A1B7-456B9BE696E1}.Release|Any CPU.Build.0 = Release|Any CPU
		{E66BB1CE-5210-4D26-BBB3-1288E740FA4F}.Debug|Any CPU.ActiveCfg = Debug|Any CPU
		{E66BB1CE-5210-4D26-BBB3-1288E740FA4F}.Debug|Any CPU.Build.0 = Debug|Any CPU
		{E66BB1CE-5210-4D26-BBB3-1288E740FA4F}.Release|Any CPU.ActiveCfg = Release|Any CPU
		{E66BB1CE-5210-4D26-BBB3-1288E740FA4F}.Release|Any CPU.Build.0 = Release|Any CPU
		{3780EC8B-884E-4977-BE2A-1D8F90678D5B}.Debug|Any CPU.ActiveCfg = Debug|Any CPU
		{3780EC8B-884E-4977-BE2A-1D8F90678D5B}.Debug|Any CPU.Build.0 = Debug|Any CPU
		{3780EC8B-884E-4977-BE2A-1D8F90678D5B}.Release|Any CPU.ActiveCfg = Release|Any CPU
		{3780EC8B-884E-4977-BE2A-1D8F90678D5B}.Release|Any CPU.Build.0 = Release|Any CPU
		{DDFA24D6-9CA5-44C3-A93F-B6C9B715CF71}.Debug|Any CPU.ActiveCfg = Debug|Any CPU
		{DDFA24D6-9CA5-44C3-A93F-B6C9B715CF71}.Debug|Any CPU.Build.0 = Debug|Any CPU
		{DDFA24D6-9CA5-44C3-A93F-B6C9B715CF71}.Release|Any CPU.ActiveCfg = Release|Any CPU
		{DDFA24D6-9CA5-44C3-A93F-B6C9B715CF71}.Release|Any CPU.Build.0 = Release|Any CPU
		{745D6886-828F-447A-BEC1-32D84556F8B9}.Debug|Any CPU.ActiveCfg = Debug|Any CPU
		{745D6886-828F-447A-BEC1-32D84556F8B9}.Debug|Any CPU.Build.0 = Debug|Any CPU
		{745D6886-828F-447A-BEC1-32D84556F8B9}.Release|Any CPU.ActiveCfg = Release|Any CPU
		{745D6886-828F-447A-BEC1-32D84556F8B9}.Release|Any CPU.Build.0 = Release|Any CPU
	EndGlobalSection
	GlobalSection(SolutionProperties) = preSolution
		HideSolutionNode = FALSE
	EndGlobalSection
	GlobalSection(ExtensibilityGlobals) = postSolution
		SolutionGuid = {A9884882-493D-4392-BB29-2D50F78FEE82}
	EndGlobalSection
EndGlobal
