
Microsoft Visual Studio Solution File, Format Version 12.00
# Visual Studio Version 17
VisualStudioVersion = 17.2.32630.192
MinimumVisualStudioVersion = 10.0.40219.1
Project("{9A19103F-16F7-4668-BE54-9A1E7A4F7556}") = "CitadellesDotIO.Tests", "CitadellesDotIO.Tests\CitadellesDotIO.Tests.csproj", "{21190B94-F299-49D6-912A-2513D7E258CC}"
EndProject
Project("{9A19103F-16F7-4668-BE54-9A1E7A4F7556}") = "CitadellesDotIO.Engine", "CitadellesDotIO.Engine\CitadellesDotIO.Engine.csproj", "{3AC0D03F-AE02-4112-AB88-3C6E30F23E8E}"
EndProject
Project("{9A19103F-16F7-4668-BE54-9A1E7A4F7556}") = "CitadellesDotIO.Enums", "CitadellesDotIO.Enums\CitadellesDotIO.Enums.csproj", "{71BFF99E-B0C9-49EC-B7CB-1102042D6E5F}"
EndProject
Project("{9A19103F-16F7-4668-BE54-9A1E7A4F7556}") = "CitadellesDotIO.Exceptions", "CitadellesDotIO.Exceptions\CitadellesDotIO.Exceptions.csproj", "{312859BD-635B-4A23-A1B7-456B9BE696E1}"
EndProject
Project("{9A19103F-16F7-4668-BE54-9A1E7A4F7556}") = "CitadellesDotIO.Console", "CitadellesDotIO.Console\CitadellesDotIO.Console.csproj", "{3780EC8B-884E-4977-BE2A-1D8F90678D5B}"
EndProject
Project("{9A19103F-16F7-4668-BE54-9A1E7A4F7556}") = "CitadellesDotIO.Server", "CitadellesDotIO.Server\CitadellesDotIO.Server.csproj", "{E6DAA273-D9F3-4D42-823F-EB5B98150022}"
EndProject
Project("{FAE04EC0-301F-11D3-BF4B-00C04F79EFBC}") = "Assembly-CSharp", "CitadellesDotIO.Unity\Assembly-CSharp.csproj", "{47A34B79-EA3A-7AE2-DDCF-CCB4DE3AD642}"
EndProject
Global
	GlobalSection(SolutionConfigurationPlatforms) = preSolution
		Debug|Any CPU = Debug|Any CPU
		Release|Any CPU = Release|Any CPU
	EndGlobalSection
	GlobalSection(ProjectConfigurationPlatforms) = postSolution
		{21190B94-F299-49D6-912A-2513D7E258CC}.Debug|Any CPU.ActiveCfg = Debug|Any CPU
		{21190B94-F299-49D6-912A-2513D7E258CC}.Debug|Any CPU.Build.0 = Debug|Any CPU
		{21190B94-F299-49D6-912A-2513D7E258CC}.Release|Any CPU.ActiveCfg = Release|Any CPU
		{21190B94-F299-49D6-912A-2513D7E258CC}.Release|Any CPU.Build.0 = Release|Any CPU
		{3AC0D03F-AE02-4112-AB88-3C6E30F23E8E}.Debug|Any CPU.ActiveCfg = Debug|Any CPU
		{3AC0D03F-AE02-4112-AB88-3C6E30F23E8E}.Debug|Any CPU.Build.0 = Debug|Any CPU
		{3AC0D03F-AE02-4112-AB88-3C6E30F23E8E}.Release|Any CPU.ActiveCfg = Release|Any CPU
		{3AC0D03F-AE02-4112-AB88-3C6E30F23E8E}.Release|Any CPU.Build.0 = Release|Any CPU
		{71BFF99E-B0C9-49EC-B7CB-1102042D6E5F}.Debug|Any CPU.ActiveCfg = Debug|Any CPU
		{71BFF99E-B0C9-49EC-B7CB-1102042D6E5F}.Debug|Any CPU.Build.0 = Debug|Any CPU
		{71BFF99E-B0C9-49EC-B7CB-1102042D6E5F}.Release|Any CPU.ActiveCfg = Release|Any CPU
		{71BFF99E-B0C9-49EC-B7CB-1102042D6E5F}.Release|Any CPU.Build.0 = Release|Any CPU
		{312859BD-635B-4A23-A1B7-456B9BE696E1}.Debug|Any CPU.ActiveCfg = Debug|Any CPU
		{312859BD-635B-4A23-A1B7-456B9BE696E1}.Debug|Any CPU.Build.0 = Debug|Any CPU
		{312859BD-635B-4A23-A1B7-456B9BE696E1}.Release|Any CPU.ActiveCfg = Release|Any CPU
		{312859BD-635B-4A23-A1B7-456B9BE696E1}.Release|Any CPU.Build.0 = Release|Any CPU
		{3780EC8B-884E-4977-BE2A-1D8F90678D5B}.Debug|Any CPU.ActiveCfg = Debug|Any CPU
		{3780EC8B-884E-4977-BE2A-1D8F90678D5B}.Debug|Any CPU.Build.0 = Debug|Any CPU
		{3780EC8B-884E-4977-BE2A-1D8F90678D5B}.Release|Any CPU.ActiveCfg = Release|Any CPU
		{3780EC8B-884E-4977-BE2A-1D8F90678D5B}.Release|Any CPU.Build.0 = Release|Any CPU
		{E6DAA273-D9F3-4D42-823F-EB5B98150022}.Debug|Any CPU.ActiveCfg = Debug|Any CPU
		{E6DAA273-D9F3-4D42-823F-EB5B98150022}.Debug|Any CPU.Build.0 = Debug|Any CPU
		{E6DAA273-D9F3-4D42-823F-EB5B98150022}.Release|Any CPU.ActiveCfg = Release|Any CPU
		{E6DAA273-D9F3-4D42-823F-EB5B98150022}.Release|Any CPU.Build.0 = Release|Any CPU
		{47A34B79-EA3A-7AE2-DDCF-CCB4DE3AD642}.Debug|Any CPU.ActiveCfg = Debug|Any CPU
		{47A34B79-EA3A-7AE2-DDCF-CCB4DE3AD642}.Debug|Any CPU.Build.0 = Debug|Any CPU
		{47A34B79-EA3A-7AE2-DDCF-CCB4DE3AD642}.Release|Any CPU.ActiveCfg = Release|Any CPU
		{47A34B79-EA3A-7AE2-DDCF-CCB4DE3AD642}.Release|Any CPU.Build.0 = Release|Any CPU
	EndGlobalSection
	GlobalSection(SolutionProperties) = preSolution
		HideSolutionNode = FALSE
	EndGlobalSection
	GlobalSection(ExtensibilityGlobals) = postSolution
		SolutionGuid = {A9884882-493D-4392-BB29-2D50F78FEE82}
	EndGlobalSection
EndGlobal
